
Microsoft Visual Studio Solution File, Format Version 12.00
# Visual Studio 15
VisualStudioVersion = 15.0.28307.438
MinimumVisualStudioVersion = 10.0.40219.1
Project("{FAE04EC0-301F-11D3-BF4B-00C04F79EFBC}") = "TwitchDBWebsite", "TwitchDBWebsite\TwitchDBWebsite.csproj", "{050A2094-C152-41A2-BB16-923741EE5A88}"
EndProject
Global
	GlobalSection(SolutionConfigurationPlatforms) = preSolution
		Debug|Any CPU = Debug|Any CPU
		Release|Any CPU = Release|Any CPU
	EndGlobalSection
	GlobalSection(ProjectConfigurationPlatforms) = postSolution
		{050A2094-C152-41A2-BB16-923741EE5A88}.Debug|Any CPU.ActiveCfg = Debug|Any CPU
		{050A2094-C152-41A2-BB16-923741EE5A88}.Debug|Any CPU.Build.0 = Debug|Any CPU
		{050A2094-C152-41A2-BB16-923741EE5A88}.Release|Any CPU.ActiveCfg = Release|Any CPU
		{050A2094-C152-41A2-BB16-923741EE5A88}.Release|Any CPU.Build.0 = Release|Any CPU
	EndGlobalSection
	GlobalSection(SolutionProperties) = preSolution
		HideSolutionNode = FALSE
	EndGlobalSection
	GlobalSection(ExtensibilityGlobals) = postSolution
		SolutionGuid = {87A25C44-DBE8-4937-A0D5-2F307936BAB4}
	EndGlobalSection
EndGlobal
